
Microsoft Visual Studio Solution File, Format Version 12.00
# Visual Studio Version 17
VisualStudioVersion = 17.8.34322.80
MinimumVisualStudioVersion = 10.0.40219.1
Project("{FAE04EC0-301F-11D3-BF4B-00C04F79EFBC}") = "10. Methods", "10. Methods.csproj", "{98E6ADCA-3509-4545-8D10-433BB782B78D}"
EndProject
Global
	GlobalSection(SolutionConfigurationPlatforms) = preSolution
		Debug|Any CPU = Debug|Any CPU
		Release|Any CPU = Release|Any CPU
	EndGlobalSection
	GlobalSection(ProjectConfigurationPlatforms) = postSolution
		{98E6ADCA-3509-4545-8D10-433BB782B78D}.Debug|Any CPU.ActiveCfg = Debug|Any CPU
		{98E6ADCA-3509-4545-8D10-433BB782B78D}.Debug|Any CPU.Build.0 = Debug|Any CPU
		{98E6ADCA-3509-4545-8D10-433BB782B78D}.Release|Any CPU.ActiveCfg = Release|Any CPU
		{98E6ADCA-3509-4545-8D10-433BB782B78D}.Release|Any CPU.Build.0 = Release|Any CPU
	EndGlobalSection
	GlobalSection(SolutionProperties) = preSolution
		HideSolutionNode = FALSE
	EndGlobalSection
	GlobalSection(ExtensibilityGlobals) = postSolution
		SolutionGuid = {19221D7F-9154-454E-A50F-D3AE085023C1}
	EndGlobalSection
EndGlobal
